{
  "nodes": {
    "bazecor-nix": {
      "inputs": {
        "bazecor-src": "bazecor-src",
        "flake-utils": "flake-utils",
        "nixpkgs": "nixpkgs"
      },
      "locked": {
        "lastModified": 1674655866,
        "narHash": "sha256-FbtWd7RBm7nZiXWjL3IITiCe+HD0osMdv9rWKdYicC0=",
        "owner": "ajmasia",
        "repo": "bazecor-nix",
        "rev": "4924d3601cf55ef5375bf9440d1ebb1727241767",
        "type": "github"
      },
      "original": {
        "owner": "ajmasia",
        "repo": "bazecor-nix",
        "type": "github"
      }
    },
    "bazecor-src": {
      "flake": false,
      "locked": {
        "lastModified": 1662117963,
        "narHash": "sha256-QwZ37b1wvca2znc9+JIS3or0Mr2pPYsUd9xHSfK149c=",
        "owner": "Dygmalab",
        "repo": "Bazecor",
        "rev": "3f56cde2414bb667f54a0fa0fa855b38608d7009",
        "type": "github"
      },
      "original": {
        "owner": "Dygmalab",
        "repo": "Bazecor",
        "type": "github"
      }
    },
    "flake-utils": {
      "locked": {
        "lastModified": 1659877975,
        "narHash": "sha256-zllb8aq3YO3h8B/U0/J1WBgAL8EX5yWf5pMj3G0NAmc=",
        "owner": "numtide",
        "repo": "flake-utils",
        "rev": "c0e246b9b83f637f4681389ecabcb2681b4f3af0",
        "type": "github"
      },
      "original": {
        "id": "flake-utils",
        "type": "indirect"
      }
    },
    "home-manager": {
      "inputs": {
        "nixpkgs": [
          "nixpkgs"
        ],
        "utils": "utils"
      },
      "locked": {
        "lastModified": 1674556204,
        "narHash": "sha256-HCRmkZsq01h2Evch08zpgE9jeHdMtGdT1okWotyvuhY=",
        "owner": "nix-community",
        "repo": "home-manager",
        "rev": "c59f0eac51da91c6989fd13a68e156f63c0e60b6",
        "type": "github"
      },
      "original": {
        "owner": "nix-community",
        "repo": "home-manager",
        "type": "github"
      }
    },
    "nixpkgs": {
      "locked": {
        "lastModified": 1666244578,
        "narHash": "sha256-OO0F2b83isMVHYtcvxiExig28zPE7Weo7r1fHtQTZzU=",
        "owner": "nixos",
        "repo": "nixpkgs",
        "rev": "260eb420a2e55e3a0411e731b933c3a8bf6b778e",
        "type": "github"
      },
      "original": {
        "owner": "nixos",
        "ref": "nixpkgs-unstable",
        "repo": "nixpkgs",
        "type": "github"
      }
    },
    "nixpkgs_2": {
      "locked": {
        "lastModified": 1674655608,
        "narHash": "sha256-kU4hhnwE5dLxdjiGKOJ15g+PJJvH0hHRKEli8xJkWmg=",
        "owner": "NixOS",
        "repo": "nixpkgs",
        "rev": "a0390e27286f7cf4bf8cfc4b61ed6ef3695659f0",
        "type": "github"
      },
      "original": {
        "owner": "NixOS",
        "ref": "master",
        "repo": "nixpkgs",
        "type": "github"
      }
    },
    "root": {
      "inputs": {
        "bazecor-nix": "bazecor-nix",
        "home-manager": "home-manager",
        "nixpkgs": "nixpkgs_2"
      }
    },
    "utils": {
      "locked": {
        "lastModified": 1667395993,
        "narHash": "sha256-nuEHfE/LcWyuSWnS8t12N1wc105Qtau+/OdUAjtQ0rA=",
        "owner": "numtide",
        "repo": "flake-utils",
        "rev": "5aed5285a952e0b949eb3ba02c12fa4fcfef535f",
        "type": "github"
      },
      "original": {
        "owner": "numtide",
        "repo": "flake-utils",
        "type": "github"
      }
    }
  },
  "root": "root",
  "version": 7
}
