{
  "nodes": {
    "amd-controller": {
      "inputs": {
        "nixpkgs": "nixpkgs"
      },
      "locked": {
        "lastModified": 1678453160,
        "narHash": "sha256-NCIE/cOe6ymOeIdSkQRbgr9QSQOTIsElzH8Ca3BFm8s=",
        "owner": "ajmasia",
        "repo": "amd-controller",
        "rev": "b52c816d2a72b8a2aa6e0095c41ee515649fa4fb",
        "type": "github"
      },
      "original": {
        "owner": "ajmasia",
        "ref": "rolling",
        "repo": "amd-controller",
        "type": "github"
      }
    },
    "bazecor-nix": {
      "inputs": {
        "bazecor-src": "bazecor-src",
        "flake-utils": "flake-utils",
        "nixpkgs": "nixpkgs_2"
      },
      "locked": {
        "lastModified": 1674655866,
        "narHash": "sha256-FbtWd7RBm7nZiXWjL3IITiCe+HD0osMdv9rWKdYicC0=",
        "owner": "ajmasia",
        "repo": "bazecor-nix",
        "rev": "4924d3601cf55ef5375bf9440d1ebb1727241767",
        "type": "github"
      },
      "original": {
        "owner": "ajmasia",
        "repo": "bazecor-nix",
        "type": "github"
      }
    },
    "bazecor-src": {
      "flake": false,
      "locked": {
        "lastModified": 1662117963,
        "narHash": "sha256-QwZ37b1wvca2znc9+JIS3or0Mr2pPYsUd9xHSfK149c=",
        "owner": "Dygmalab",
        "repo": "Bazecor",
        "rev": "3f56cde2414bb667f54a0fa0fa855b38608d7009",
        "type": "github"
      },
      "original": {
        "owner": "Dygmalab",
        "repo": "Bazecor",
        "type": "github"
      }
    },
    "flake-utils": {
      "locked": {
        "lastModified": 1659877975,
        "narHash": "sha256-zllb8aq3YO3h8B/U0/J1WBgAL8EX5yWf5pMj3G0NAmc=",
        "owner": "numtide",
        "repo": "flake-utils",
        "rev": "c0e246b9b83f637f4681389ecabcb2681b4f3af0",
        "type": "github"
      },
      "original": {
        "id": "flake-utils",
        "type": "indirect"
      }
    },
    "home-manager": {
      "inputs": {
        "nixpkgs": [
          "nixpkgs"
        ],
        "utils": "utils"
      },
      "locked": {
        "lastModified": 1678285456,
        "narHash": "sha256-2rIk5OFGQmoFX1MWntKGPVCZvy5yQMX3ZCYz7i8+yb0=",
        "owner": "nix-community",
        "repo": "home-manager",
        "rev": "b0be47978de5cfd729a79c3f57ace4c86364ff45",
        "type": "github"
      },
      "original": {
        "owner": "nix-community",
        "ref": "release-22.11",
        "repo": "home-manager",
        "type": "github"
      }
    },
    "nixpkgs": {
      "locked": {
        "lastModified": 1677779205,
        "narHash": "sha256-6DBjL9wjq86p2GczmwnHtFRnWPBPItc67gapWENBgX8=",
        "path": "/nix/store/mh2gsjjpvckd42b205h9g2fjypximf9d-source",
        "rev": "96e18717904dfedcd884541e5a92bf9ff632cf39",
        "type": "path"
      },
      "original": {
        "id": "nixpkgs",
        "type": "indirect"
      }
    },
    "nixpkgs_2": {
      "locked": {
        "lastModified": 1666244578,
        "narHash": "sha256-OO0F2b83isMVHYtcvxiExig28zPE7Weo7r1fHtQTZzU=",
        "owner": "nixos",
        "repo": "nixpkgs",
        "rev": "260eb420a2e55e3a0411e731b933c3a8bf6b778e",
        "type": "github"
      },
      "original": {
        "owner": "nixos",
        "ref": "nixpkgs-unstable",
        "repo": "nixpkgs",
        "type": "github"
      }
    },
    "nixpkgs_3": {
      "locked": {
        "lastModified": 1678500271,
        "narHash": "sha256-tRBLElf6f02HJGG0ZR7znMNFv/Uf7b2fFInpTHiHaSE=",
        "owner": "NixOS",
        "repo": "nixpkgs",
        "rev": "5eb98948b66de29f899c7fe27ae112a47964baf8",
        "type": "github"
      },
      "original": {
        "owner": "NixOS",
        "ref": "nixos-22.11",
        "repo": "nixpkgs",
        "type": "github"
      }
    },
    "root": {
      "inputs": {
        "amd-controller": "amd-controller",
        "bazecor-nix": "bazecor-nix",
        "home-manager": "home-manager",
        "nixpkgs": "nixpkgs_3",
        "unstable": "unstable"
      }
    },
    "unstable": {
      "locked": {
        "lastModified": 1678470307,
        "narHash": "sha256-OEeMUr3ueLIXyW/OaFUX5jUdimyQwMg/7e+/Q0gC/QE=",
        "owner": "NixOS",
        "repo": "nixpkgs",
        "rev": "0c4800d579af4ed98ecc47d464a5e7b0870c4b1f",
        "type": "github"
      },
      "original": {
        "owner": "NixOS",
        "ref": "nixos-unstable",
        "repo": "nixpkgs",
        "type": "github"
      }
    },
    "utils": {
      "locked": {
        "lastModified": 1667395993,
        "narHash": "sha256-nuEHfE/LcWyuSWnS8t12N1wc105Qtau+/OdUAjtQ0rA=",
        "owner": "numtide",
        "repo": "flake-utils",
        "rev": "5aed5285a952e0b949eb3ba02c12fa4fcfef535f",
        "type": "github"
      },
      "original": {
        "owner": "numtide",
        "repo": "flake-utils",
        "type": "github"
      }
    }
  },
  "root": "root",
  "version": 7
}
